
Microsoft Visual Studio Solution File, Format Version 12.00
# Visual Studio Version 17
VisualStudioVersion = 17.0.32112.339
MinimumVisualStudioVersion = 10.0.40219.1
Project("{9A19103F-16F7-4668-BE54-9A1E7A4F7556}") = "LanguageCenter.WebApplication", "LanguageCenter.WebApplication\LanguageCenter.WebApplication.csproj", "{2461831D-2AF8-4EF8-9327-74BB39DCBE3F}"
EndProject
Project("{9A19103F-16F7-4668-BE54-9A1E7A4F7556}") = "LanguageCenter.Infrastructure", "LanguageCenter.Infrastructure\LanguageCenter.Infrastructure.csproj", "{D405651C-6F51-4AB1-BACB-157F28790FF0}"
EndProject
Project("{9A19103F-16F7-4668-BE54-9A1E7A4F7556}") = "LanguageCenter.Core", "LanguageCeter.Core\LanguageCenter.Core.csproj", "{5990734A-9735-4E83-86B1-B950C8BFB641}"
EndProject
Project("{FAE04EC0-301F-11D3-BF4B-00C04F79EFBC}") = "LanguageCenter.WebApi", "LanguageCenter.WebApi\LanguageCenter.WebApi.csproj", "{B7AC7D3E-879A-4CC7-A23C-5E5083DE4B3C}"
EndProject
Global
	GlobalSection(SolutionConfigurationPlatforms) = preSolution
		Debug|Any CPU = Debug|Any CPU
		Release|Any CPU = Release|Any CPU
	EndGlobalSection
	GlobalSection(ProjectConfigurationPlatforms) = postSolution
		{2461831D-2AF8-4EF8-9327-74BB39DCBE3F}.Debug|Any CPU.ActiveCfg = Debug|Any CPU
		{2461831D-2AF8-4EF8-9327-74BB39DCBE3F}.Debug|Any CPU.Build.0 = Debug|Any CPU
		{2461831D-2AF8-4EF8-9327-74BB39DCBE3F}.Release|Any CPU.ActiveCfg = Release|Any CPU
		{2461831D-2AF8-4EF8-9327-74BB39DCBE3F}.Release|Any CPU.Build.0 = Release|Any CPU
		{D405651C-6F51-4AB1-BACB-157F28790FF0}.Debug|Any CPU.ActiveCfg = Debug|Any CPU
		{D405651C-6F51-4AB1-BACB-157F28790FF0}.Debug|Any CPU.Build.0 = Debug|Any CPU
		{D405651C-6F51-4AB1-BACB-157F28790FF0}.Release|Any CPU.ActiveCfg = Release|Any CPU
		{D405651C-6F51-4AB1-BACB-157F28790FF0}.Release|Any CPU.Build.0 = Release|Any CPU
		{5990734A-9735-4E83-86B1-B950C8BFB641}.Debug|Any CPU.ActiveCfg = Debug|Any CPU
		{5990734A-9735-4E83-86B1-B950C8BFB641}.Debug|Any CPU.Build.0 = Debug|Any CPU
		{5990734A-9735-4E83-86B1-B950C8BFB641}.Release|Any CPU.ActiveCfg = Release|Any CPU
		{5990734A-9735-4E83-86B1-B950C8BFB641}.Release|Any CPU.Build.0 = Release|Any CPU
		{B7AC7D3E-879A-4CC7-A23C-5E5083DE4B3C}.Debug|Any CPU.ActiveCfg = Debug|Any CPU
		{B7AC7D3E-879A-4CC7-A23C-5E5083DE4B3C}.Debug|Any CPU.Build.0 = Debug|Any CPU
		{B7AC7D3E-879A-4CC7-A23C-5E5083DE4B3C}.Release|Any CPU.ActiveCfg = Release|Any CPU
		{B7AC7D3E-879A-4CC7-A23C-5E5083DE4B3C}.Release|Any CPU.Build.0 = Release|Any CPU
	EndGlobalSection
	GlobalSection(SolutionProperties) = preSolution
		HideSolutionNode = FALSE
	EndGlobalSection
	GlobalSection(ExtensibilityGlobals) = postSolution
		SolutionGuid = {6B5C4796-99EA-411F-9F34-5BCD5667D891}
	EndGlobalSection
EndGlobal
