
Microsoft Visual Studio Solution File, Format Version 12.00
# Visual Studio Version 17
VisualStudioVersion = 17.0.32112.339
MinimumVisualStudioVersion = 10.0.40219.1
Project("{9A19103F-16F7-4668-BE54-9A1E7A4F7556}") = "LanguageCenter.WebApplication", "LanguageCenter.WebApplication\LanguageCenter.WebApplication.csproj", "{2461831D-2AF8-4EF8-9327-74BB39DCBE3F}"
EndProject
Project("{9A19103F-16F7-4668-BE54-9A1E7A4F7556}") = "LanguageCenter.Core", "LanguageCenter.Infrastructure\LanguageCenter.Core.csproj", "{30303807-01DF-4480-AFE3-0E37E4B14695}"
EndProject
Global
	GlobalSection(SolutionConfigurationPlatforms) = preSolution
		Debug|Any CPU = Debug|Any CPU
		Release|Any CPU = Release|Any CPU
	EndGlobalSection
	GlobalSection(ProjectConfigurationPlatforms) = postSolution
		{2461831D-2AF8-4EF8-9327-74BB39DCBE3F}.Debug|Any CPU.ActiveCfg = Debug|Any CPU
		{2461831D-2AF8-4EF8-9327-74BB39DCBE3F}.Debug|Any CPU.Build.0 = Debug|Any CPU
		{2461831D-2AF8-4EF8-9327-74BB39DCBE3F}.Release|Any CPU.ActiveCfg = Release|Any CPU
		{2461831D-2AF8-4EF8-9327-74BB39DCBE3F}.Release|Any CPU.Build.0 = Release|Any CPU
		{30303807-01DF-4480-AFE3-0E37E4B14695}.Debug|Any CPU.ActiveCfg = Debug|Any CPU
		{30303807-01DF-4480-AFE3-0E37E4B14695}.Debug|Any CPU.Build.0 = Debug|Any CPU
		{30303807-01DF-4480-AFE3-0E37E4B14695}.Release|Any CPU.ActiveCfg = Release|Any CPU
		{30303807-01DF-4480-AFE3-0E37E4B14695}.Release|Any CPU.Build.0 = Release|Any CPU
	EndGlobalSection
	GlobalSection(SolutionProperties) = preSolution
		HideSolutionNode = FALSE
	EndGlobalSection
	GlobalSection(ExtensibilityGlobals) = postSolution
		SolutionGuid = {6B5C4796-99EA-411F-9F34-5BCD5667D891}
	EndGlobalSection
EndGlobal
